{
  "name": "zek",
  "version": "0.1.0",
  "lockfileVersion": 3,
  "requires": true,
  "packages": {
    "": {
      "name": "zek",
      "version": "0.1.0",
      "license": "UNLICENSED",
      "bin": {
        "zek": "bin/zek.js"
      },
      "engines": {
        "node": ">=18"
      }
    }
  }
}
